
Microsoft Visual Studio Solution File, Format Version 12.00
# Visual Studio 15
VisualStudioVersion = 15.0.26403.7
MinimumVisualStudioVersion = 10.0.40219.1
Project("{FAE04EC0-301F-11D3-BF4B-00C04F79EFBC}") = "pplant.Android", "pplant\pplant.Android\pplant.Android.csproj", "{317964A8-7281-4CEA-820A-9B6675C67E42}"
EndProject
Project("{FAE04EC0-301F-11D3-BF4B-00C04F79EFBC}") = "pplant", "pplant\pplant\pplant.csproj", "{E30999D5-91C6-4B84-91D7-E70F30536ADB}"
EndProject
Project("{FAE04EC0-301F-11D3-BF4B-00C04F79EFBC}") = "pplant.UWP", "pplant\pplant.UWP\pplant.UWP.csproj", "{8670B103-5936-4992-A6A2-2335C24B8C8B}"
EndProject
Project("{FAE04EC0-301F-11D3-BF4B-00C04F79EFBC}") = "pplant.iOS", "pplant\pplant.iOS\pplant.iOS.csproj", "{42ED1425-9CE9-4D68-9B50-B1C6AA4C77BC}"
EndProject
Global
	GlobalSection(SolutionConfigurationPlatforms) = preSolution
		Ad-Hoc|Any CPU = Ad-Hoc|Any CPU
		Ad-Hoc|ARM = Ad-Hoc|ARM
		Ad-Hoc|iPhone = Ad-Hoc|iPhone
		Ad-Hoc|iPhoneSimulator = Ad-Hoc|iPhoneSimulator
		Ad-Hoc|x64 = Ad-Hoc|x64
		Ad-Hoc|x86 = Ad-Hoc|x86
		AppStore|Any CPU = AppStore|Any CPU
		AppStore|ARM = AppStore|ARM
		AppStore|iPhone = AppStore|iPhone
		AppStore|iPhoneSimulator = AppStore|iPhoneSimulator
		AppStore|x64 = AppStore|x64
		AppStore|x86 = AppStore|x86
		Debug|Any CPU = Debug|Any CPU
		Debug|ARM = Debug|ARM
		Debug|iPhone = Debug|iPhone
		Debug|iPhoneSimulator = Debug|iPhoneSimulator
		Debug|x64 = Debug|x64
		Debug|x86 = Debug|x86
		Release|Any CPU = Release|Any CPU
		Release|ARM = Release|ARM
		Release|iPhone = Release|iPhone
		Release|iPhoneSimulator = Release|iPhoneSimulator
		Release|x64 = Release|x64
		Release|x86 = Release|x86
	EndGlobalSection
	GlobalSection(ProjectConfigurationPlatforms) = postSolution
		{317964A8-7281-4CEA-820A-9B6675C67E42}.Ad-Hoc|Any CPU.ActiveCfg = Release|Any CPU
		{317964A8-7281-4CEA-820A-9B6675C67E42}.Ad-Hoc|Any CPU.Build.0 = Release|Any CPU
		{317964A8-7281-4CEA-820A-9B6675C67E42}.Ad-Hoc|Any CPU.Deploy.0 = Release|Any CPU
		{317964A8-7281-4CEA-820A-9B6675C67E42}.Ad-Hoc|ARM.ActiveCfg = Release|Any CPU
		{317964A8-7281-4CEA-820A-9B6675C67E42}.Ad-Hoc|ARM.Build.0 = Release|Any CPU
		{317964A8-7281-4CEA-820A-9B6675C67E42}.Ad-Hoc|ARM.Deploy.0 = Release|Any CPU
		{317964A8-7281-4CEA-820A-9B6675C67E42}.Ad-Hoc|iPhone.ActiveCfg = Release|Any CPU
		{317964A8-7281-4CEA-820A-9B6675C67E42}.Ad-Hoc|iPhone.Build.0 = Release|Any CPU
		{317964A8-7281-4CEA-820A-9B6675C67E42}.Ad-Hoc|iPhone.Deploy.0 = Release|Any CPU
		{317964A8-7281-4CEA-820A-9B6675C67E42}.Ad-Hoc|iPhoneSimulator.ActiveCfg = Release|Any CPU
		{317964A8-7281-4CEA-820A-9B6675C67E42}.Ad-Hoc|iPhoneSimulator.Build.0 = Release|Any CPU
		{317964A8-7281-4CEA-820A-9B6675C67E42}.Ad-Hoc|iPhoneSimulator.Deploy.0 = Release|Any CPU
		{317964A8-7281-4CEA-820A-9B6675C67E42}.Ad-Hoc|x64.ActiveCfg = Release|Any CPU
		{317964A8-7281-4CEA-820A-9B6675C67E42}.Ad-Hoc|x64.Build.0 = Release|Any CPU
		{317964A8-7281-4CEA-820A-9B6675C67E42}.Ad-Hoc|x64.Deploy.0 = Release|Any CPU
		{317964A8-7281-4CEA-820A-9B6675C67E42}.Ad-Hoc|x86.ActiveCfg = Release|Any CPU
		{317964A8-7281-4CEA-820A-9B6675C67E42}.Ad-Hoc|x86.Build.0 = Release|Any CPU
		{317964A8-7281-4CEA-820A-9B6675C67E42}.Ad-Hoc|x86.Deploy.0 = Release|Any CPU
		{317964A8-7281-4CEA-820A-9B6675C67E42}.AppStore|Any CPU.ActiveCfg = Release|Any CPU
		{317964A8-7281-4CEA-820A-9B6675C67E42}.AppStore|Any CPU.Build.0 = Release|Any CPU
		{317964A8-7281-4CEA-820A-9B6675C67E42}.AppStore|Any CPU.Deploy.0 = Release|Any CPU
		{317964A8-7281-4CEA-820A-9B6675C67E42}.AppStore|ARM.ActiveCfg = Release|Any CPU
		{317964A8-7281-4CEA-820A-9B6675C67E42}.AppStore|ARM.Build.0 = Release|Any CPU
		{317964A8-7281-4CEA-820A-9B6675C67E42}.AppStore|ARM.Deploy.0 = Release|Any CPU
		{317964A8-7281-4CEA-820A-9B6675C67E42}.AppStore|iPhone.ActiveCfg = Release|Any CPU
		{317964A8-7281-4CEA-820A-9B6675C67E42}.AppStore|iPhone.Build.0 = Release|Any CPU
		{317964A8-7281-4CEA-820A-9B6675C67E42}.AppStore|iPhone.Deploy.0 = Release|Any CPU
		{317964A8-7281-4CEA-820A-9B6675C67E42}.AppStore|iPhoneSimulator.ActiveCfg = Release|Any CPU
		{317964A8-7281-4CEA-820A-9B6675C67E42}.AppStore|iPhoneSimulator.Build.0 = Release|Any CPU
		{317964A8-7281-4CEA-820A-9B6675C67E42}.AppStore|iPhoneSimulator.Deploy.0 = Release|Any CPU
		{317964A8-7281-4CEA-820A-9B6675C67E42}.AppStore|x64.ActiveCfg = Release|Any CPU
		{317964A8-7281-4CEA-820A-9B6675C67E42}.AppStore|x64.Build.0 = Release|Any CPU
		{317964A8-7281-4CEA-820A-9B6675C67E42}.AppStore|x64.Deploy.0 = Release|Any CPU
		{317964A8-7281-4CEA-820A-9B6675C67E42}.AppStore|x86.ActiveCfg = Release|Any CPU
		{317964A8-7281-4CEA-820A-9B6675C67E42}.AppStore|x86.Build.0 = Release|Any CPU
		{317964A8-7281-4CEA-820A-9B6675C67E42}.AppStore|x86.Deploy.0 = Release|Any CPU
		{317964A8-7281-4CEA-820A-9B6675C67E42}.Debug|Any CPU.ActiveCfg = Debug|Any CPU
		{317964A8-7281-4CEA-820A-9B6675C67E42}.Debug|Any CPU.Build.0 = Debug|Any CPU
		{317964A8-7281-4CEA-820A-9B6675C67E42}.Debug|Any CPU.Deploy.0 = Debug|Any CPU
		{317964A8-7281-4CEA-820A-9B6675C67E42}.Debug|ARM.ActiveCfg = Debug|Any CPU
		{317964A8-7281-4CEA-820A-9B6675C67E42}.Debug|ARM.Build.0 = Debug|Any CPU
		{317964A8-7281-4CEA-820A-9B6675C67E42}.Debug|ARM.Deploy.0 = Debug|Any CPU
		{317964A8-7281-4CEA-820A-9B6675C67E42}.Debug|iPhone.ActiveCfg = Debug|Any CPU
		{317964A8-7281-4CEA-820A-9B6675C67E42}.Debug|iPhone.Build.0 = Debug|Any CPU
		{317964A8-7281-4CEA-820A-9B6675C67E42}.Debug|iPhone.Deploy.0 = Debug|Any CPU
		{317964A8-7281-4CEA-820A-9B6675C67E42}.Debug|iPhoneSimulator.ActiveCfg = Debug|Any CPU
		{317964A8-7281-4CEA-820A-9B6675C67E42}.Debug|iPhoneSimulator.Build.0 = Debug|Any CPU
		{317964A8-7281-4CEA-820A-9B6675C67E42}.Debug|iPhoneSimulator.Deploy.0 = Debug|Any CPU
		{317964A8-7281-4CEA-820A-9B6675C67E42}.Debug|x64.ActiveCfg = Debug|Any CPU
		{317964A8-7281-4CEA-820A-9B6675C67E42}.Debug|x64.Build.0 = Debug|Any CPU
		{317964A8-7281-4CEA-820A-9B6675C67E42}.Debug|x64.Deploy.0 = Debug|Any CPU
		{317964A8-7281-4CEA-820A-9B6675C67E42}.Debug|x86.ActiveCfg = Debug|Any CPU
		{317964A8-7281-4CEA-820A-9B6675C67E42}.Debug|x86.Build.0 = Debug|Any CPU
		{317964A8-7281-4CEA-820A-9B6675C67E42}.Debug|x86.Deploy.0 = Debug|Any CPU
		{317964A8-7281-4CEA-820A-9B6675C67E42}.Release|Any CPU.ActiveCfg = Release|Any CPU
		{317964A8-7281-4CEA-820A-9B6675C67E42}.Release|Any CPU.Build.0 = Release|Any CPU
		{317964A8-7281-4CEA-820A-9B6675C67E42}.Release|Any CPU.Deploy.0 = Release|Any CPU
		{317964A8-7281-4CEA-820A-9B6675C67E42}.Release|ARM.ActiveCfg = Release|Any CPU
		{317964A8-7281-4CEA-820A-9B6675C67E42}.Release|ARM.Build.0 = Release|Any CPU
		{317964A8-7281-4CEA-820A-9B6675C67E42}.Release|ARM.Deploy.0 = Release|Any CPU
		{317964A8-7281-4CEA-820A-9B6675C67E42}.Release|iPhone.ActiveCfg = Release|Any CPU
		{317964A8-7281-4CEA-820A-9B6675C67E42}.Release|iPhone.Build.0 = Release|Any CPU
		{317964A8-7281-4CEA-820A-9B6675C67E42}.Release|iPhone.Deploy.0 = Release|Any CPU
		{317964A8-7281-4CEA-820A-9B6675C67E42}.Release|iPhoneSimulator.ActiveCfg = Release|Any CPU
		{317964A8-7281-4CEA-820A-9B6675C67E42}.Release|iPhoneSimulator.Build.0 = Release|Any CPU
		{317964A8-7281-4CEA-820A-9B6675C67E42}.Release|iPhoneSimulator.Deploy.0 = Release|Any CPU
		{317964A8-7281-4CEA-820A-9B6675C67E42}.Release|x64.ActiveCfg = Release|Any CPU
		{317964A8-7281-4CEA-820A-9B6675C67E42}.Release|x64.Build.0 = Release|Any CPU
		{317964A8-7281-4CEA-820A-9B6675C67E42}.Release|x64.Deploy.0 = Release|Any CPU
		{317964A8-7281-4CEA-820A-9B6675C67E42}.Release|x86.ActiveCfg = Release|Any CPU
		{317964A8-7281-4CEA-820A-9B6675C67E42}.Release|x86.Build.0 = Release|Any CPU
		{317964A8-7281-4CEA-820A-9B6675C67E42}.Release|x86.Deploy.0 = Release|Any CPU
		{E30999D5-91C6-4B84-91D7-E70F30536ADB}.Ad-Hoc|Any CPU.ActiveCfg = Release|Any CPU
		{E30999D5-91C6-4B84-91D7-E70F30536ADB}.Ad-Hoc|Any CPU.Build.0 = Release|Any CPU
		{E30999D5-91C6-4B84-91D7-E70F30536ADB}.Ad-Hoc|ARM.ActiveCfg = Release|Any CPU
		{E30999D5-91C6-4B84-91D7-E70F30536ADB}.Ad-Hoc|ARM.Build.0 = Release|Any CPU
		{E30999D5-91C6-4B84-91D7-E70F30536ADB}.Ad-Hoc|iPhone.ActiveCfg = Release|Any CPU
		{E30999D5-91C6-4B84-91D7-E70F30536ADB}.Ad-Hoc|iPhone.Build.0 = Release|Any CPU
		{E30999D5-91C6-4B84-91D7-E70F30536ADB}.Ad-Hoc|iPhoneSimulator.ActiveCfg = Release|Any CPU
		{E30999D5-91C6-4B84-91D7-E70F30536ADB}.Ad-Hoc|iPhoneSimulator.Build.0 = Release|Any CPU
		{E30999D5-91C6-4B84-91D7-E70F30536ADB}.Ad-Hoc|x64.ActiveCfg = Release|Any CPU
		{E30999D5-91C6-4B84-91D7-E70F30536ADB}.Ad-Hoc|x64.Build.0 = Release|Any CPU
		{E30999D5-91C6-4B84-91D7-E70F30536ADB}.Ad-Hoc|x86.ActiveCfg = Release|Any CPU
		{E30999D5-91C6-4B84-91D7-E70F30536ADB}.Ad-Hoc|x86.Build.0 = Release|Any CPU
		{E30999D5-91C6-4B84-91D7-E70F30536ADB}.AppStore|Any CPU.ActiveCfg = Release|Any CPU
		{E30999D5-91C6-4B84-91D7-E70F30536ADB}.AppStore|Any CPU.Build.0 = Release|Any CPU
		{E30999D5-91C6-4B84-91D7-E70F30536ADB}.AppStore|ARM.ActiveCfg = Release|Any CPU
		{E30999D5-91C6-4B84-91D7-E70F30536ADB}.AppStore|ARM.Build.0 = Release|Any CPU
		{E30999D5-91C6-4B84-91D7-E70F30536ADB}.AppStore|iPhone.ActiveCfg = Release|Any CPU
		{E30999D5-91C6-4B84-91D7-E70F30536ADB}.AppStore|iPhone.Build.0 = Release|Any CPU
		{E30999D5-91C6-4B84-91D7-E70F30536ADB}.AppStore|iPhoneSimulator.ActiveCfg = Release|Any CPU
		{E30999D5-91C6-4B84-91D7-E70F30536ADB}.AppStore|iPhoneSimulator.Build.0 = Release|Any CPU
		{E30999D5-91C6-4B84-91D7-E70F30536ADB}.AppStore|x64.ActiveCfg = Release|Any CPU
		{E30999D5-91C6-4B84-91D7-E70F30536ADB}.AppStore|x64.Build.0 = Release|Any CPU
		{E30999D5-91C6-4B84-91D7-E70F30536ADB}.AppStore|x86.ActiveCfg = Release|Any CPU
		{E30999D5-91C6-4B84-91D7-E70F30536ADB}.AppStore|x86.Build.0 = Release|Any CPU
		{E30999D5-91C6-4B84-91D7-E70F30536ADB}.Debug|Any CPU.ActiveCfg = Debug|Any CPU
		{E30999D5-91C6-4B84-91D7-E70F30536ADB}.Debug|Any CPU.Build.0 = Debug|Any CPU
		{E30999D5-91C6-4B84-91D7-E70F30536ADB}.Debug|ARM.ActiveCfg = Debug|Any CPU
		{E30999D5-91C6-4B84-91D7-E70F30536ADB}.Debug|ARM.Build.0 = Debug|Any CPU
		{E30999D5-91C6-4B84-91D7-E70F30536ADB}.Debug|iPhone.ActiveCfg = Debug|Any CPU
		{E30999D5-91C6-4B84-91D7-E70F30536ADB}.Debug|iPhone.Build.0 = Debug|Any CPU
		{E30999D5-91C6-4B84-91D7-E70F30536ADB}.Debug|iPhoneSimulator.ActiveCfg = Debug|Any CPU
		{E30999D5-91C6-4B84-91D7-E70F30536ADB}.Debug|iPhoneSimulator.Build.0 = Debug|Any CPU
		{E30999D5-91C6-4B84-91D7-E70F30536ADB}.Debug|x64.ActiveCfg = Debug|Any CPU
		{E30999D5-91C6-4B84-91D7-E70F30536ADB}.Debug|x64.Build.0 = Debug|Any CPU
		{E30999D5-91C6-4B84-91D7-E70F30536ADB}.Debug|x86.ActiveCfg = Debug|Any CPU
		{E30999D5-91C6-4B84-91D7-E70F30536ADB}.Debug|x86.Build.0 = Debug|Any CPU
		{E30999D5-91C6-4B84-91D7-E70F30536ADB}.Release|Any CPU.ActiveCfg = Release|Any CPU
		{E30999D5-91C6-4B84-91D7-E70F30536ADB}.Release|Any CPU.Build.0 = Release|Any CPU
		{E30999D5-91C6-4B84-91D7-E70F30536ADB}.Release|ARM.ActiveCfg = Release|Any CPU
		{E30999D5-91C6-4B84-91D7-E70F30536ADB}.Release|ARM.Build.0 = Release|Any CPU
		{E30999D5-91C6-4B84-91D7-E70F30536ADB}.Release|iPhone.ActiveCfg = Release|Any CPU
		{E30999D5-91C6-4B84-91D7-E70F30536ADB}.Release|iPhone.Build.0 = Release|Any CPU
		{E30999D5-91C6-4B84-91D7-E70F30536ADB}.Release|iPhoneSimulator.ActiveCfg = Release|Any CPU
		{E30999D5-91C6-4B84-91D7-E70F30536ADB}.Release|iPhoneSimulator.Build.0 = Release|Any CPU
		{E30999D5-91C6-4B84-91D7-E70F30536ADB}.Release|x64.ActiveCfg = Release|Any CPU
		{E30999D5-91C6-4B84-91D7-E70F30536ADB}.Release|x64.Build.0 = Release|Any CPU
		{E30999D5-91C6-4B84-91D7-E70F30536ADB}.Release|x86.ActiveCfg = Release|Any CPU
		{E30999D5-91C6-4B84-91D7-E70F30536ADB}.Release|x86.Build.0 = Release|Any CPU
		{8670B103-5936-4992-A6A2-2335C24B8C8B}.Ad-Hoc|Any CPU.ActiveCfg = Release|x86
		{8670B103-5936-4992-A6A2-2335C24B8C8B}.Ad-Hoc|Any CPU.Build.0 = Release|x86
		{8670B103-5936-4992-A6A2-2335C24B8C8B}.Ad-Hoc|Any CPU.Deploy.0 = Release|x86
		{8670B103-5936-4992-A6A2-2335C24B8C8B}.Ad-Hoc|ARM.ActiveCfg = Release|ARM
		{8670B103-5936-4992-A6A2-2335C24B8C8B}.Ad-Hoc|ARM.Build.0 = Release|ARM
		{8670B103-5936-4992-A6A2-2335C24B8C8B}.Ad-Hoc|ARM.Deploy.0 = Release|ARM
		{8670B103-5936-4992-A6A2-2335C24B8C8B}.Ad-Hoc|iPhone.ActiveCfg = Release|x86
		{8670B103-5936-4992-A6A2-2335C24B8C8B}.Ad-Hoc|iPhone.Build.0 = Release|x86
		{8670B103-5936-4992-A6A2-2335C24B8C8B}.Ad-Hoc|iPhone.Deploy.0 = Release|x86
		{8670B103-5936-4992-A6A2-2335C24B8C8B}.Ad-Hoc|iPhoneSimulator.ActiveCfg = Release|x86
		{8670B103-5936-4992-A6A2-2335C24B8C8B}.Ad-Hoc|iPhoneSimulator.Build.0 = Release|x86
		{8670B103-5936-4992-A6A2-2335C24B8C8B}.Ad-Hoc|iPhoneSimulator.Deploy.0 = Release|x86
		{8670B103-5936-4992-A6A2-2335C24B8C8B}.Ad-Hoc|x64.ActiveCfg = Release|x64
		{8670B103-5936-4992-A6A2-2335C24B8C8B}.Ad-Hoc|x64.Build.0 = Release|x64
		{8670B103-5936-4992-A6A2-2335C24B8C8B}.Ad-Hoc|x64.Deploy.0 = Release|x64
		{8670B103-5936-4992-A6A2-2335C24B8C8B}.Ad-Hoc|x86.ActiveCfg = Release|x86
		{8670B103-5936-4992-A6A2-2335C24B8C8B}.Ad-Hoc|x86.Build.0 = Release|x86
		{8670B103-5936-4992-A6A2-2335C24B8C8B}.Ad-Hoc|x86.Deploy.0 = Release|x86
		{8670B103-5936-4992-A6A2-2335C24B8C8B}.AppStore|Any CPU.ActiveCfg = Release|x86
		{8670B103-5936-4992-A6A2-2335C24B8C8B}.AppStore|Any CPU.Build.0 = Release|x86
		{8670B103-5936-4992-A6A2-2335C24B8C8B}.AppStore|Any CPU.Deploy.0 = Release|x86
		{8670B103-5936-4992-A6A2-2335C24B8C8B}.AppStore|ARM.ActiveCfg = Release|ARM
		{8670B103-5936-4992-A6A2-2335C24B8C8B}.AppStore|ARM.Build.0 = Release|ARM
		{8670B103-5936-4992-A6A2-2335C24B8C8B}.AppStore|ARM.Deploy.0 = Release|ARM
		{8670B103-5936-4992-A6A2-2335C24B8C8B}.AppStore|iPhone.ActiveCfg = Release|x86
		{8670B103-5936-4992-A6A2-2335C24B8C8B}.AppStore|iPhone.Build.0 = Release|x86
		{8670B103-5936-4992-A6A2-2335C24B8C8B}.AppStore|iPhone.Deploy.0 = Release|x86
		{8670B103-5936-4992-A6A2-2335C24B8C8B}.AppStore|iPhoneSimulator.ActiveCfg = Release|x86
		{8670B103-5936-4992-A6A2-2335C24B8C8B}.AppStore|iPhoneSimulator.Build.0 = Release|x86
		{8670B103-5936-4992-A6A2-2335C24B8C8B}.AppStore|iPhoneSimulator.Deploy.0 = Release|x86
		{8670B103-5936-4992-A6A2-2335C24B8C8B}.AppStore|x64.ActiveCfg = Release|x64
		{8670B103-5936-4992-A6A2-2335C24B8C8B}.AppStore|x64.Build.0 = Release|x64
		{8670B103-5936-4992-A6A2-2335C24B8C8B}.AppStore|x64.Deploy.0 = Release|x64
		{8670B103-5936-4992-A6A2-2335C24B8C8B}.AppStore|x86.ActiveCfg = Release|x86
		{8670B103-5936-4992-A6A2-2335C24B8C8B}.AppStore|x86.Build.0 = Release|x86
		{8670B103-5936-4992-A6A2-2335C24B8C8B}.AppStore|x86.Deploy.0 = Release|x86
		{8670B103-5936-4992-A6A2-2335C24B8C8B}.Debug|Any CPU.ActiveCfg = Debug|x86
		{8670B103-5936-4992-A6A2-2335C24B8C8B}.Debug|ARM.ActiveCfg = Debug|ARM
		{8670B103-5936-4992-A6A2-2335C24B8C8B}.Debug|ARM.Build.0 = Debug|ARM
		{8670B103-5936-4992-A6A2-2335C24B8C8B}.Debug|ARM.Deploy.0 = Debug|ARM
		{8670B103-5936-4992-A6A2-2335C24B8C8B}.Debug|iPhone.ActiveCfg = Debug|x86
		{8670B103-5936-4992-A6A2-2335C24B8C8B}.Debug|iPhoneSimulator.ActiveCfg = Debug|x86
		{8670B103-5936-4992-A6A2-2335C24B8C8B}.Debug|x64.ActiveCfg = Debug|x64
		{8670B103-5936-4992-A6A2-2335C24B8C8B}.Debug|x64.Build.0 = Debug|x64
		{8670B103-5936-4992-A6A2-2335C24B8C8B}.Debug|x64.Deploy.0 = Debug|x64
		{8670B103-5936-4992-A6A2-2335C24B8C8B}.Debug|x86.ActiveCfg = Debug|x86
		{8670B103-5936-4992-A6A2-2335C24B8C8B}.Debug|x86.Build.0 = Debug|x86
		{8670B103-5936-4992-A6A2-2335C24B8C8B}.Debug|x86.Deploy.0 = Debug|x86
		{8670B103-5936-4992-A6A2-2335C24B8C8B}.Release|Any CPU.ActiveCfg = Release|x86
		{8670B103-5936-4992-A6A2-2335C24B8C8B}.Release|ARM.ActiveCfg = Release|ARM
		{8670B103-5936-4992-A6A2-2335C24B8C8B}.Release|ARM.Build.0 = Release|ARM
		{8670B103-5936-4992-A6A2-2335C24B8C8B}.Release|ARM.Deploy.0 = Release|ARM
		{8670B103-5936-4992-A6A2-2335C24B8C8B}.Release|iPhone.ActiveCfg = Release|x86
		{8670B103-5936-4992-A6A2-2335C24B8C8B}.Release|iPhoneSimulator.ActiveCfg = Release|x86
		{8670B103-5936-4992-A6A2-2335C24B8C8B}.Release|x64.ActiveCfg = Release|x64
		{8670B103-5936-4992-A6A2-2335C24B8C8B}.Release|x64.Build.0 = Release|x64
		{8670B103-5936-4992-A6A2-2335C24B8C8B}.Release|x64.Deploy.0 = Release|x64
		{8670B103-5936-4992-A6A2-2335C24B8C8B}.Release|x86.ActiveCfg = Release|x86
		{8670B103-5936-4992-A6A2-2335C24B8C8B}.Release|x86.Build.0 = Release|x86
		{8670B103-5936-4992-A6A2-2335C24B8C8B}.Release|x86.Deploy.0 = Release|x86
		{42ED1425-9CE9-4D68-9B50-B1C6AA4C77BC}.Ad-Hoc|Any CPU.ActiveCfg = Ad-Hoc|iPhone
		{42ED1425-9CE9-4D68-9B50-B1C6AA4C77BC}.Ad-Hoc|ARM.ActiveCfg = Ad-Hoc|iPhone
		{42ED1425-9CE9-4D68-9B50-B1C6AA4C77BC}.Ad-Hoc|iPhone.ActiveCfg = Ad-Hoc|iPhone
		{42ED1425-9CE9-4D68-9B50-B1C6AA4C77BC}.Ad-Hoc|iPhone.Build.0 = Ad-Hoc|iPhone
		{42ED1425-9CE9-4D68-9B50-B1C6AA4C77BC}.Ad-Hoc|iPhoneSimulator.ActiveCfg = Ad-Hoc|iPhoneSimulator
		{42ED1425-9CE9-4D68-9B50-B1C6AA4C77BC}.Ad-Hoc|iPhoneSimulator.Build.0 = Ad-Hoc|iPhoneSimulator
		{42ED1425-9CE9-4D68-9B50-B1C6AA4C77BC}.Ad-Hoc|x64.ActiveCfg = Ad-Hoc|iPhone
		{42ED1425-9CE9-4D68-9B50-B1C6AA4C77BC}.Ad-Hoc|x86.ActiveCfg = Ad-Hoc|iPhone
		{42ED1425-9CE9-4D68-9B50-B1C6AA4C77BC}.AppStore|Any CPU.ActiveCfg = AppStore|iPhone
		{42ED1425-9CE9-4D68-9B50-B1C6AA4C77BC}.AppStore|ARM.ActiveCfg = AppStore|iPhone
		{42ED1425-9CE9-4D68-9B50-B1C6AA4C77BC}.AppStore|iPhone.ActiveCfg = AppStore|iPhone
		{42ED1425-9CE9-4D68-9B50-B1C6AA4C77BC}.AppStore|iPhone.Build.0 = AppStore|iPhone
		{42ED1425-9CE9-4D68-9B50-B1C6AA4C77BC}.AppStore|iPhoneSimulator.ActiveCfg = AppStore|iPhoneSimulator
		{42ED1425-9CE9-4D68-9B50-B1C6AA4C77BC}.AppStore|iPhoneSimulator.Build.0 = AppStore|iPhoneSimulator
		{42ED1425-9CE9-4D68-9B50-B1C6AA4C77BC}.AppStore|x64.ActiveCfg = AppStore|iPhone
		{42ED1425-9CE9-4D68-9B50-B1C6AA4C77BC}.AppStore|x86.ActiveCfg = AppStore|iPhone
		{42ED1425-9CE9-4D68-9B50-B1C6AA4C77BC}.Debug|Any CPU.ActiveCfg = Debug|iPhone
		{42ED1425-9CE9-4D68-9B50-B1C6AA4C77BC}.Debug|ARM.ActiveCfg = Debug|iPhone
		{42ED1425-9CE9-4D68-9B50-B1C6AA4C77BC}.Debug|iPhone.ActiveCfg = Debug|iPhone
		{42ED1425-9CE9-4D68-9B50-B1C6AA4C77BC}.Debug|iPhone.Build.0 = Debug|iPhone
		{42ED1425-9CE9-4D68-9B50-B1C6AA4C77BC}.Debug|iPhoneSimulator.ActiveCfg = Debug|iPhoneSimulator
		{42ED1425-9CE9-4D68-9B50-B1C6AA4C77BC}.Debug|iPhoneSimulator.Build.0 = Debug|iPhoneSimulator
		{42ED1425-9CE9-4D68-9B50-B1C6AA4C77BC}.Debug|x64.ActiveCfg = Debug|iPhone
		{42ED1425-9CE9-4D68-9B50-B1C6AA4C77BC}.Debug|x86.ActiveCfg = Debug|iPhone
		{42ED1425-9CE9-4D68-9B50-B1C6AA4C77BC}.Release|Any CPU.ActiveCfg = Release|iPhone
		{42ED1425-9CE9-4D68-9B50-B1C6AA4C77BC}.Release|ARM.ActiveCfg = Release|iPhone
		{42ED1425-9CE9-4D68-9B50-B1C6AA4C77BC}.Release|iPhone.ActiveCfg = Release|iPhone
		{42ED1425-9CE9-4D68-9B50-B1C6AA4C77BC}.Release|iPhone.Build.0 = Release|iPhone
		{42ED1425-9CE9-4D68-9B50-B1C6AA4C77BC}.Release|iPhoneSimulator.ActiveCfg = Release|iPhoneSimulator
		{42ED1425-9CE9-4D68-9B50-B1C6AA4C77BC}.Release|iPhoneSimulator.Build.0 = Release|iPhoneSimulator
		{42ED1425-9CE9-4D68-9B50-B1C6AA4C77BC}.Release|x64.ActiveCfg = Release|iPhone
		{42ED1425-9CE9-4D68-9B50-B1C6AA4C77BC}.Release|x86.ActiveCfg = Release|iPhone
	EndGlobalSection
	GlobalSection(SolutionProperties) = preSolution
		HideSolutionNode = FALSE
	EndGlobalSection
EndGlobal
